Microsoft Visual Studio Solution File, Format Version 12.00
# Visual Studio Version 17
VisualStudioVersion = 17.5.2.0
MinimumVisualStudioVersion = 10.0.40219.1
Project("{FAE04EC0-301F-11D3-BF4B-00C04F79EFBC}") = "Concession", "Concession\Concession.csproj", "{A84EBBEB-D462-276E-7E0E-37B77959A1F9}"
EndProject
Global
	GlobalSection(SolutionConfigurationPlatforms) = preSolution
		Debug|Any CPU = Debug|Any CPU
		Release|Any CPU = Release|Any CPU
	EndGlobalSection
	GlobalSection(ProjectConfigurationPlatforms) = postSolution
		{A84EBBEB-D462-276E-7E0E-37B77959A1F9}.Debug|Any CPU.ActiveCfg = Debug|Any CPU
		{A84EBBEB-D462-276E-7E0E-37B77959A1F9}.Debug|Any CPU.Build.0 = Debug|Any CPU
		{A84EBBEB-D462-276E-7E0E-37B77959A1F9}.Release|Any CPU.ActiveCfg = Release|Any CPU
		{A84EBBEB-D462-276E-7E0E-37B77959A1F9}.Release|Any CPU.Build.0 = Release|Any CPU
	EndGlobalSection
	GlobalSection(SolutionProperties) = preSolution
		HideSolutionNode = FALSE
	EndGlobalSection
	GlobalSection(ExtensibilityGlobals) = postSolution
		SolutionGuid = {67F1393E-7552-4FD5-938E-753781D61B37}
	EndGlobalSection
EndGlobal
